
Microsoft Visual Studio Solution File, Format Version 12.00
# Visual Studio Version 16
VisualStudioVersion = 16.0.28803.452
MinimumVisualStudioVersion = 10.0.40219.1
Project("{FAE04EC0-301F-11D3-BF4B-00C04F79EFBC}") = "LocalStack.AwsLocal", "LocalStack.AwsLocal\LocalStack.AwsLocal.csproj", "{D5116356-24F8-4B01-AB33-64CCFC5F0713}"
EndProject
Global
	GlobalSection(SolutionConfigurationPlatforms) = preSolution
		Debug|Any CPU = Debug|Any CPU
		Release|Any CPU = Release|Any CPU
	EndGlobalSection
	GlobalSection(ProjectConfigurationPlatforms) = postSolution
		{D5116356-24F8-4B01-AB33-64CCFC5F0713}.Debug|Any CPU.ActiveCfg = Debug|Any CPU
		{D5116356-24F8-4B01-AB33-64CCFC5F0713}.Debug|Any CPU.Build.0 = Debug|Any CPU
		{D5116356-24F8-4B01-AB33-64CCFC5F0713}.Release|Any CPU.ActiveCfg = Release|Any CPU
		{D5116356-24F8-4B01-AB33-64CCFC5F0713}.Release|Any CPU.Build.0 = Release|Any CPU
	EndGlobalSection
	GlobalSection(SolutionProperties) = preSolution
		HideSolutionNode = FALSE
	EndGlobalSection
	GlobalSection(ExtensibilityGlobals) = postSolution
		SolutionGuid = {479893D2-EC31-4B10-8F7C-DDA704071C4D}
	EndGlobalSection
EndGlobal
